
Microsoft Visual Studio Solution File, Format Version 12.00
# Visual Studio Version 17
VisualStudioVersion = 17.9.34714.143
MinimumVisualStudioVersion = 10.0.40219.1
Project("{9A19103F-16F7-4668-BE54-9A1E7A4F7556}") = "CodeSparks", "CodeSparks\CodeSparks.csproj", "{1EA7BF8D-4229-4014-B7A9-51CE36A401FE}"
EndProject
Global
	GlobalSection(SolutionConfigurationPlatforms) = preSolution
		Debug|Any CPU = Debug|Any CPU
		Release|Any CPU = Release|Any CPU
	EndGlobalSection
	GlobalSection(ProjectConfigurationPlatforms) = postSolution
		{1EA7BF8D-4229-4014-B7A9-51CE36A401FE}.Debug|Any CPU.ActiveCfg = Debug|Any CPU
		{1EA7BF8D-4229-4014-B7A9-51CE36A401FE}.Debug|Any CPU.Build.0 = Debug|Any CPU
		{1EA7BF8D-4229-4014-B7A9-51CE36A401FE}.Release|Any CPU.ActiveCfg = Release|Any CPU
		{1EA7BF8D-4229-4014-B7A9-51CE36A401FE}.Release|Any CPU.Build.0 = Release|Any CPU
	EndGlobalSection
	GlobalSection(SolutionProperties) = preSolution
		HideSolutionNode = FALSE
	EndGlobalSection
	GlobalSection(ExtensibilityGlobals) = postSolution
		SolutionGuid = {11FA0954-AED7-49E2-977C-B3AA36F04800}
	EndGlobalSection
EndGlobal
